Microsoft Visual Studio Solution File, Format Version 12.00
# Visual Studio Version 17
VisualStudioVersion = 17.12.35514.174 d17.12
MinimumVisualStudioVersion = 10.0.40219.1
Project("{FAE04EC0-301F-11D3-BF4B-00C04F79EFBC}") = "AspireApp2.AppHost", "AspireApp2.AppHost\AspireApp2.AppHost.csproj", "{9F2C2A60-D2E2-4F0F-9693-6D03523265E8}"
EndProject
Project("{FAE04EC0-301F-11D3-BF4B-00C04F79EFBC}") = "AspireApp2.ServiceDefaults", "AspireApp2.ServiceDefaults\AspireApp2.ServiceDefaults.csproj", "{157DBC1F-D948-4690-AD11-9732016C3A38}"
EndProject
Project("{FAE04EC0-301F-11D3-BF4B-00C04F79EFBC}") = "AspireApp2.ApiService", "AspireApp2.ApiService\AspireApp2.ApiService.csproj", "{F6AF209A-1288-42CA-AC44-9967ABB3C7C7}"
EndProject
Project("{FAE04EC0-301F-11D3-BF4B-00C04F79EFBC}") = "AspireApp2.Web", "AspireApp2.Web\AspireApp2.Web.csproj", "{4E5F516B-B86C-416D-A5EA-C63FF2381CDF}"
EndProject
Global
	GlobalSection(SolutionConfigurationPlatforms) = preSolution
		Debug|Any CPU = Debug|Any CPU
		Release|Any CPU = Release|Any CPU
	EndGlobalSection
	GlobalSection(ProjectConfigurationPlatforms) = postSolution
		{9F2C2A60-D2E2-4F0F-9693-6D03523265E8}.Debug|Any CPU.ActiveCfg = Debug|Any CPU
		{9F2C2A60-D2E2-4F0F-9693-6D03523265E8}.Debug|Any CPU.Build.0 = Debug|Any CPU
		{9F2C2A60-D2E2-4F0F-9693-6D03523265E8}.Release|Any CPU.ActiveCfg = Release|Any CPU
		{9F2C2A60-D2E2-4F0F-9693-6D03523265E8}.Release|Any CPU.Build.0 = Release|Any CPU
		{157DBC1F-D948-4690-AD11-9732016C3A38}.Debug|Any CPU.ActiveCfg = Debug|Any CPU
		{157DBC1F-D948-4690-AD11-9732016C3A38}.Debug|Any CPU.Build.0 = Debug|Any CPU
		{157DBC1F-D948-4690-AD11-9732016C3A38}.Release|Any CPU.ActiveCfg = Release|Any CPU
		{157DBC1F-D948-4690-AD11-9732016C3A38}.Release|Any CPU.Build.0 = Release|Any CPU
		{F6AF209A-1288-42CA-AC44-9967ABB3C7C7}.Debug|Any CPU.ActiveCfg = Debug|Any CPU
		{F6AF209A-1288-42CA-AC44-9967ABB3C7C7}.Debug|Any CPU.Build.0 = Debug|Any CPU
		{F6AF209A-1288-42CA-AC44-9967ABB3C7C7}.Release|Any CPU.ActiveCfg = Release|Any CPU
		{F6AF209A-1288-42CA-AC44-9967ABB3C7C7}.Release|Any CPU.Build.0 = Release|Any CPU
		{4E5F516B-B86C-416D-A5EA-C63FF2381CDF}.Debug|Any CPU.ActiveCfg = Debug|Any CPU
		{4E5F516B-B86C-416D-A5EA-C63FF2381CDF}.Debug|Any CPU.Build.0 = Debug|Any CPU
		{4E5F516B-B86C-416D-A5EA-C63FF2381CDF}.Release|Any CPU.ActiveCfg = Release|Any CPU
		{4E5F516B-B86C-416D-A5EA-C63FF2381CDF}.Release|Any CPU.Build.0 = Release|Any CPU
	EndGlobalSection
	GlobalSection(SolutionProperties) = preSolution
		HideSolutionNode = FALSE
	EndGlobalSection
EndGlobal
